# @generated - this file is auto-generated by `mise lock` https://mise.jdx.dev/dev-tools/mise-lock.html

[[tools.go]]
version = "1.26.1"
backend = "core:go"

[tools.go."platforms.linux-arm64"]
checksum = "sha256:a290581cfe4fe28ddd737dde3095f3dbeb7f2e4065cab4eae44dfc53b760c2f7"
url = "https://dl.google.com/go/go1.26.1.linux-arm64.tar.gz"

[tools.go."platforms.linux-arm64-musl"]
checksum = "sha256:a290581cfe4fe28ddd737dde3095f3dbeb7f2e4065cab4eae44dfc53b760c2f7"
url = "https://dl.google.com/go/go1.26.1.linux-arm64.tar.gz"

[tools.go."platforms.linux-x64"]
checksum = "sha256:031f088e5d955bab8657ede27ad4e3bc5b7c1ba281f05f245bcc304f327c987a"
url = "https://dl.google.com/go/go1.26.1.linux-amd64.tar.gz"

[tools.go."platforms.linux-x64-musl"]
checksum = "sha256:031f088e5d955bab8657ede27ad4e3bc5b7c1ba281f05f245bcc304f327c987a"
url = "https://dl.google.com/go/go1.26.1.linux-amd64.tar.gz"

[tools.go."platforms.macos-arm64"]
checksum = "sha256:353df43a7811ce284c8938b5f3c7df40b7bfb6f56cb165b150bc40b5e2dd541f"
url = "https://dl.google.com/go/go1.26.1.darwin-arm64.tar.gz"

[tools.go."platforms.macos-x64"]
checksum = "sha256:65773dab2f8cc4cd23d93ba6d0a805de150ca0b78378879292be0b903b8cdd08"
url = "https://dl.google.com/go/go1.26.1.darwin-amd64.tar.gz"

[tools.go."platforms.windows-x64"]
checksum = "sha256:9b68112c913f45b7aebbf13c036721264bbba7e03a642f8f7490c561eebd1ecc"
url = "https://dl.google.com/go/go1.26.1.windows-amd64.zip"

[[tools.java]]
version = "microsoft-11.0.31"
backend = "core:java"

[tools.java."platforms.linux-arm64"]
checksum = "sha256:545c6ff26e02b494d323975f233bc1acb0e4e36483be86c901f29368d66aebca"
url = "https://aka.ms/download-jdk/microsoft-jdk-11.0.31-linux-aarch64.tar.gz"

[tools.java."platforms.linux-x64"]
checksum = "sha256:d10004134ed177a4d1a5417e8216af4baf44b4abbaf44d8b973d32088cb03b59"
url = "https://aka.ms/download-jdk/microsoft-jdk-11.0.31-linux-x64.tar.gz"

[tools.java."platforms.linux-x64-musl"]
checksum = "sha256:c5cdd9ba67c868e4427b7a4ad8b51abcde2c82e7fe3d617000d8c8459577118b"
url = "https://aka.ms/download-jdk/microsoft-jdk-11.0.31-alpine-x64.tar.gz"

[tools.java."platforms.macos-arm64"]
checksum = "sha256:03e7a317bf74e370252a86049d379183628dfb7320e9e74ae0bdcfd8a4506bd9"
url = "https://aka.ms/download-jdk/microsoft-jdk-11.0.31-macos-aarch64.tar.gz"

[tools.java."platforms.macos-x64"]
checksum = "sha256:f16583e0fe5ce4274dc4bec49593470d899353b16f5571a2cd980d6438f9f3ef"
url = "https://aka.ms/download-jdk/microsoft-jdk-11.0.31-macos-x64.tar.gz"

[tools.java."platforms.windows-x64"]
checksum = "sha256:a63b83ba4c601e0e2907050e88e939c484c4ae520931f52eb356d0516f2ff4f5"
url = "https://aka.ms/download-jdk/microsoft-jdk-11.0.31-windows-x64.zip"

[[tools.maven]]
version = "3.9.16"
backend = "aqua:apache/maven"

[tools.maven."platforms.linux-arm64"]
checksum = "sha512:831a8591fe20c8243b1dbe7d71e3244f31d1665b0804b2e825e38cbbe5ce0cafb8338851f90780735568773e0a6cd07bbec107cda0b896b008b861075358b6f6"
url = "https://archive.apache.org/dist/maven/maven-3/3.9.16/binaries/apache-maven-3.9.16-bin.tar.gz"

[tools.maven."platforms.linux-arm64-musl"]
checksum = "sha512:831a8591fe20c8243b1dbe7d71e3244f31d1665b0804b2e825e38cbbe5ce0cafb8338851f90780735568773e0a6cd07bbec107cda0b896b008b861075358b6f6"
url = "https://archive.apache.org/dist/maven/maven-3/3.9.16/binaries/apache-maven-3.9.16-bin.tar.gz"

[tools.maven."platforms.linux-x64"]
checksum = "sha512:831a8591fe20c8243b1dbe7d71e3244f31d1665b0804b2e825e38cbbe5ce0cafb8338851f90780735568773e0a6cd07bbec107cda0b896b008b861075358b6f6"
url = "https://archive.apache.org/dist/maven/maven-3/3.9.16/binaries/apache-maven-3.9.16-bin.tar.gz"

[tools.maven."platforms.linux-x64-musl"]
checksum = "sha512:831a8591fe20c8243b1dbe7d71e3244f31d1665b0804b2e825e38cbbe5ce0cafb8338851f90780735568773e0a6cd07bbec107cda0b896b008b861075358b6f6"
url = "https://archive.apache.org/dist/maven/maven-3/3.9.16/binaries/apache-maven-3.9.16-bin.tar.gz"

[tools.maven."platforms.macos-arm64"]
checksum = "sha512:831a8591fe20c8243b1dbe7d71e3244f31d1665b0804b2e825e38cbbe5ce0cafb8338851f90780735568773e0a6cd07bbec107cda0b896b008b861075358b6f6"
url = "https://archive.apache.org/dist/maven/maven-3/3.9.16/binaries/apache-maven-3.9.16-bin.tar.gz"

[tools.maven."platforms.macos-x64"]
checksum = "sha512:831a8591fe20c8243b1dbe7d71e3244f31d1665b0804b2e825e38cbbe5ce0cafb8338851f90780735568773e0a6cd07bbec107cda0b896b008b861075358b6f6"
url = "https://archive.apache.org/dist/maven/maven-3/3.9.16/binaries/apache-maven-3.9.16-bin.tar.gz"

[tools.maven."platforms.windows-x64"]
checksum = "sha512:831a8591fe20c8243b1dbe7d71e3244f31d1665b0804b2e825e38cbbe5ce0cafb8338851f90780735568773e0a6cd07bbec107cda0b896b008b861075358b6f6"
url = "https://archive.apache.org/dist/maven/maven-3/3.9.16/binaries/apache-maven-3.9.16-bin.tar.gz"

[[tools.node]]
version = "26.5.0"
backend = "core:node"

[tools.node."platforms.linux-arm64"]
checksum = "sha256:308e5fe89a82461ba5a6cf15ff5221b2cdbd7ae87600aa72bb3c3fbdc66412d1"
url = "https://nodejs.org/dist/v26.5.0/node-v26.5.0-linux-arm64.tar.gz"

[tools.node."platforms.linux-arm64-musl"]
checksum = "sha256:1ab31aef6561191693f366cacd75bbcefa0301e49a18bc05554c21893bbdb490"
url = "https://unofficial-builds.nodejs.org/download/release/v26.5.0/node-v26.5.0-linux-arm64-musl.tar.gz"

[tools.node."platforms.linux-x64"]
checksum = "sha256:22b5f47ad6ae78837e4c2b846019965ce1a06ba143de176102294a1bf44fc677"
url = "https://nodejs.org/dist/v26.5.0/node-v26.5.0-linux-x64.tar.gz"

[tools.node."platforms.linux-x64-musl"]
checksum = "sha256:00f1398411a4216c5a6ecaad3b825a0da5ec00e79ee8c173ab65a094d97b9ad8"
url = "https://unofficial-builds.nodejs.org/download/release/v26.5.0/node-v26.5.0-linux-x64-musl.tar.gz"

[tools.node."platforms.macos-arm64"]
checksum = "sha256:ee920559aaa2391569cff4d737e3b83963430e3a14dedd91bfe0ff53171b5af9"
url = "https://nodejs.org/dist/v26.5.0/node-v26.5.0-darwin-arm64.tar.gz"

[tools.node."platforms.macos-x64"]
checksum = "sha256:98293394c945a24e64e00b4177bf075ec963ea70b34d1d2e24bd4a71716d334f"
url = "https://nodejs.org/dist/v26.5.0/node-v26.5.0-darwin-x64.tar.gz"

[tools.node."platforms.windows-x64"]
checksum = "sha256:d3b2277dbcccfdf24ef6302928f64f484cff1d77a6d3caa3a28f4d20ce9158f6"
url = "https://nodejs.org/dist/v26.5.0/node-v26.5.0-win-x64.zip"

[[tools.pnpm]]
version = "11.10.0"
backend = "aqua:pnpm/pnpm"

[tools.pnpm."platforms.linux-arm64"]
checksum = "sha256:7da014033800db506095d8d5eb15c4b1df7aa9cc6a4992634e4d59c3985e720b"
url = "https://github.com/pnpm/pnpm/releases/download/v11.10.0/pnpm-linux-arm64.tar.gz"
url_api = "https://api.github.com/repos/pnpm/pnpm/releases/assets/466571515"
provenance = "github-attestations"

[tools.pnpm."platforms.linux-arm64-musl"]
checksum = "sha256:f3ff9b9041616c627d8b86b395d932fe703e6066e6e47c133fa525dfb5f39cc4"
url = "https://github.com/pnpm/pnpm/releases/download/v11.10.0/pnpm-linux-arm64-musl.tar.gz"
url_api = "https://api.github.com/repos/pnpm/pnpm/releases/assets/466571513"
provenance = "github-attestations"

[tools.pnpm."platforms.linux-x64"]
checksum = "sha256:cf22c9f1ba90f67c9a5cfb1cbe9c2087cf4c3a5c409dad738c1f8a38b8137666"
url = "https://github.com/pnpm/pnpm/releases/download/v11.10.0/pnpm-linux-x64.tar.gz"
url_api = "https://api.github.com/repos/pnpm/pnpm/releases/assets/466571518"
provenance = "github-attestations"

[tools.pnpm."platforms.linux-x64-musl"]
checksum = "sha256:ce68f57e8479d69aca120ab6dedf21a1560a885fcf3e9e5ef3333a08fd6ef6e9"
url = "https://github.com/pnpm/pnpm/releases/download/v11.10.0/pnpm-linux-x64-musl.tar.gz"
url_api = "https://api.github.com/repos/pnpm/pnpm/releases/assets/466571516"
provenance = "github-attestations"

[tools.pnpm."platforms.macos-arm64"]
checksum = "sha256:d0d8a55b47dbe07a80d13fec7ee5af9bdca36187e61f9562d72d81dd637178c4"
url = "https://github.com/pnpm/pnpm/releases/download/v11.10.0/pnpm-darwin-arm64.tar.gz"
url_api = "https://api.github.com/repos/pnpm/pnpm/releases/assets/466571520"
provenance = "github-attestations"

[tools.pnpm."platforms.windows-x64"]
checksum = "sha256:bb25e88285354cd2510a481859e5695b68f5def16f22e4ffb7aa76a87af4f700"
url = "https://github.com/pnpm/pnpm/releases/download/v11.10.0/pnpm-win32-x64.zip"
url_api = "https://api.github.com/repos/pnpm/pnpm/releases/assets/466571521"
provenance = "github-attestations"

[[tools.python]]
version = "3.12.13"
backend = "core:python"

[tools.python."platforms.linux-arm64"]
checksum = "sha256:f226576b91491ffa5739aa85726521e9031f4d87f80627d64ed348ac77cb31e9"
url = "https://github.com/astral-sh/python-build-standalone/releases/download/20260718/cpython-3.12.13+20260718-aarch64-unknown-linux-gnu-install_only_stripped.tar.gz"
provenance = "github-attestations"

[tools.python."platforms.linux-arm64-musl"]
checksum = "sha256:55ee512cae752b6a8b04e598923d888311e2ed60e3307a33306ef1ab0f003ae9"
url = "https://github.com/astral-sh/python-build-standalone/releases/download/20260718/cpython-3.12.13+20260718-aarch64-unknown-linux-musl-install_only_stripped.tar.gz"
provenance = "github-attestations"

[tools.python."platforms.linux-x64"]
checksum = "sha256:5854aa6ec71cad00334d5065633c210b2e7feb40956767a59a91791cadcf0b79"
url = "https://github.com/astral-sh/python-build-standalone/releases/download/20260718/cpython-3.12.13+20260718-x86_64-unknown-linux-gnu-install_only_stripped.tar.gz"
provenance = "github-attestations"

[tools.python."platforms.linux-x64-musl"]
checksum = "sha256:d62168126b2d92e5db649cfe89fb13bf165654c027707c0ef80d7823757c9b1d"
url = "https://github.com/astral-sh/python-build-standalone/releases/download/20260718/cpython-3.12.13+20260718-x86_64-unknown-linux-musl-install_only_stripped.tar.gz"
provenance = "github-attestations"

[tools.python."platforms.macos-arm64"]
checksum = "sha256:9a1e9e06175c10efd8378b904b07fa21bd791ab3345d7cdffeb4a76c9ff55903"
url = "https://github.com/astral-sh/python-build-standalone/releases/download/20260718/cpython-3.12.13+20260718-aarch64-apple-darwin-install_only_stripped.tar.gz"
provenance = "github-attestations"

[tools.python."platforms.macos-x64"]
checksum = "sha256:8e6b7e6533bdf746287008edf91102e7bee0a6ca1d24f16c4514237cafd706c5"
url = "https://github.com/astral-sh/python-build-standalone/releases/download/20260718/cpython-3.12.13+20260718-x86_64-apple-darwin-install_only_stripped.tar.gz"
provenance = "github-attestations"

[tools.python."platforms.windows-x64"]
checksum = "sha256:0d422a1439ec308e03f47df551bc30f5994727c456e414b026d202bcda9b7c1c"
url = "https://github.com/astral-sh/python-build-standalone/releases/download/20260718/cpython-3.12.13+20260718-x86_64-pc-windows-msvc-install_only_stripped.tar.gz"
provenance = "github-attestations"

[[tools.uv]]
version = "0.11.30"
backend = "aqua:astral-sh/uv"

[tools.uv."platforms.linux-arm64"]
checksum = "sha256:7562a40e4e08b1bfd566bd6aeca55a16ee5ac45211554543e8cdb3c395b47416"
url = "https://github.com/astral-sh/uv/releases/download/0.11.30/uv-aarch64-unknown-linux-musl.tar.gz"
url_api = "https://api.github.com/repos/astral-sh/uv/releases/assets/483891898"
provenance = "github-attestations"

[tools.uv."platforms.linux-arm64-musl"]
checksum = "sha256:7562a40e4e08b1bfd566bd6aeca55a16ee5ac45211554543e8cdb3c395b47416"
url = "https://github.com/astral-sh/uv/releases/download/0.11.30/uv-aarch64-unknown-linux-musl.tar.gz"
url_api = "https://api.github.com/repos/astral-sh/uv/releases/assets/483891898"
provenance = "github-attestations"

[tools.uv."platforms.linux-x64"]
checksum = "sha256:023fdd3b59fccfb67b365c69fb34182aaaed1d685d367a57571e3c1468a4c70c"
url = "https://github.com/astral-sh/uv/releases/download/0.11.30/uv-x86_64-unknown-linux-musl.tar.gz"
url_api = "https://api.github.com/repos/astral-sh/uv/releases/assets/483891981"
provenance = "github-attestations"

[tools.uv."platforms.linux-x64-musl"]
checksum = "sha256:023fdd3b59fccfb67b365c69fb34182aaaed1d685d367a57571e3c1468a4c70c"
url = "https://github.com/astral-sh/uv/releases/download/0.11.30/uv-x86_64-unknown-linux-musl.tar.gz"
url_api = "https://api.github.com/repos/astral-sh/uv/releases/assets/483891981"
provenance = "github-attestations"

[tools.uv."platforms.macos-arm64"]
checksum = "sha256:9bed3567d496d8dab84ecf7a1247551ac94ef1baaebb7b65df008dd93e9dc357"
url = "https://github.com/astral-sh/uv/releases/download/0.11.30/uv-aarch64-apple-darwin.tar.gz"
url_api = "https://api.github.com/repos/astral-sh/uv/releases/assets/483891875"
provenance = "github-attestations"

[tools.uv."platforms.macos-x64"]
checksum = "sha256:ce285fbbfbe294b1e1bc6c87c8b59d9622b85383b88b2b132a2df5c73e83d7c1"
url = "https://github.com/astral-sh/uv/releases/download/0.11.30/uv-x86_64-apple-darwin.tar.gz"
url_api = "https://api.github.com/repos/astral-sh/uv/releases/assets/483891965"
provenance = "github-attestations"

[tools.uv."platforms.windows-x64"]
checksum = "sha256:be8d78c992312212e5cc05e9f9de3fa996db73b7c86a186dfb9231eb9f91d33e"
url = "https://github.com/astral-sh/uv/releases/download/0.11.30/uv-x86_64-pc-windows-msvc.zip"
url_api = "https://api.github.com/repos/astral-sh/uv/releases/assets/483891969"
provenance = "github-attestations"
